// !$*UTF8*$!
{
	archiveVersion = 1;
	classes = {
	};
	objectVersion = 46;
	objects = {

/* Begin PBXBuildFile section */
		A270DB0B1A8DCF8600A524EC /* main.m in Sources */ = {isa = PBXBuildFile; fileRef = A270DB0A1A8DCF8600A524EC /* main.m */; };
		A270DB0E1A8DCF8600A524EC /* AppDelegate.m in Sources */ = {isa = PBXBuildFile; fileRef = A270DB0D1A8DCF8600A524EC /* AppDelegate.m */; };
		A270DB111A8DCF8600A524EC /* ViewController.m in Sources */ = {isa = PBXBuildFile; fileRef = A270DB101A8DCF8600A524EC /* ViewController.m */; };
		A270DB141A8DCF8600A524EC /* Main.storyboard in Resources */ = {isa = PBXBuildFile; fileRef = A270DB121A8DCF8600A524EC /* Main.storyboard */; };
		A270DB161A8DCF8600A524EC /* Images.xcassets in Resources */ = {isa = PBXBuildFile; fileRef = A270DB151A8DCF8600A524EC /* Images.xcassets */; };
		A270DB191A8DCF8600A524EC /* LaunchScreen.xib in Resources */ = {isa = PBXBuildFile; fileRef = A270DB171A8DCF8600A524EC /* LaunchScreen.xib */; };
		A270DB311A8DCFBF00A524EC /* AcTableView.m in Sources */ = {isa = PBXBuildFile; fileRef = A270DB301A8DCFBF00A524EC /* AcTableView.m */; };
/* End PBXBuildFile section */

/* Begin PBXFileReference section */
		A270DB051A8DCF8600A524EC /* AcTableView-Demo.app */ = {isa = PBXFileReference; explicitFileType = wrapper.application; includeInIndex = 0; path = "AcTableView-Demo.app"; sourceTree = BUILT_PRODUCTS_DIR; };
		A270DB091A8DCF8600A524EC /* Info.plist */ = {isa = PBXFileReference; lastKnownFileType = text.plist.xml; path = Info.plist; sourceTree = "<group>"; };
		A270DB0A1A8DCF8600A524EC /* main.m */ = {isa = PBXFileReference; lastKnownFileType = sourcecode.c.objc; path = main.m; sourceTree = "<group>"; };
		A270DB0C1A8DCF8600A524EC /* AppDelegate.h */ = {isa = PBXFileReference; lastKnownFileType = sourcecode.c.h; path = AppDelegate.h; sourceTree = "<group>"; };
		A270DB0D1A8DCF8600A524EC /* AppDelegate.m */ = {isa = PBXFileReference; lastKnownFileType = sourcecode.c.objc; path = AppDelegate.m; sourceTree = "<group>"; };
		A270DB0F1A8DCF8600A524EC /* ViewController.h */ = {isa = PBXFileReference; lastKnownFileType = sourcecode.c.h; path = ViewController.h; sourceTree = "<group>"; };
		A270DB101A8DCF8600A524EC /* ViewController.m */ = {isa = PBXFileReference; lastKnownFileType = sourcecode.c.objc; path = ViewController.m; sourceTree = "<group>"; };
		A270DB131A8DCF8600A524EC /* Base */ = {isa = PBXFileReference; lastKnownFileType = file.storyboard; name = Base; path = Base.lproj/Main.storyboard; sourceTree = "<group>"; };
		A270DB151A8DCF8600A524EC /* Images.xcassets */ = {isa = PBXFileReference; lastKnownFileType = folder.assetcatalog; path = Images.xcassets; sourceTree = "<group>"; };
		A270DB181A8DCF8600A524EC /* Base */ = {isa = PBXFileReference; lastKnownFileType = file.xib; name = Base; path = Base.lproj/LaunchScreen.xib; sourceTree = "<group>"; };
		A270DB2F1A8DCFBF00A524EC /* AcTableView.h */ = {isa = PBXFileReference; fileEncoding = 4; lastKnownFileType = sourcecode.c.h; name = AcTableView.h; path = AcTableView/AcTableView.h; sourceTree = SOURCE_ROOT; };
		A270DB301A8DCFBF00A524EC /* AcTableView.m */ = {isa = PBXFileReference; fileEncoding = 4; lastKnownFileType = sourcecode.c.objc; name = AcTableView.m; path = AcTableView/AcTableView.m; sourceTree = SOURCE_ROOT; };
/* End PBXFileReference section */

/* Begin PBXFrameworksBuildPhase section */
		A270DB021A8DCF8600A524EC /* Frameworks */ = {
			isa = PBXFrameworksBuildPhase;
			buildActionMask = 2147483647;
			files = (
			);
			runOnlyForDeploymentPostprocessing = 0;
		};
/* End PBXFrameworksBuildPhase section */

/* Begin PBXGroup section */
		A270DAFC1A8DCF8600A524EC = {
			isa = PBXGroup;
			children = (
				A270DB071A8DCF8600A524EC /* AcTableView-Demo */,
				A270DB061A8DCF8600A524EC /* Products */,
			);
			sourceTree = "<group>";
		};
		A270DB061A8DCF8600A524EC /* Products */ = {
			isa = PBXGroup;
			children = (
				A270DB051A8DCF8600A524EC /* AcTableView-Demo.app */,
			);
			name = Products;
			sourceTree = "<group>";
		};
		A270DB071A8DCF8600A524EC /* AcTableView-Demo */ = {
			isa = PBXGroup;
			children = (
				A270DB2E1A8DCF9B00A524EC /* AcTableView */,
				A270DB0C1A8DCF8600A524EC /* AppDelegate.h */,
				A270DB0D1A8DCF8600A524EC /* AppDelegate.m */,
				A270DB0F1A8DCF8600A524EC /* ViewController.h */,
				A270DB101A8DCF8600A524EC /* ViewController.m */,
				A270DB121A8DCF8600A524EC /* Main.storyboard */,
				A270DB151A8DCF8600A524EC /* Images.xcassets */,
				A270DB171A8DCF8600A524EC /* LaunchScreen.xib */,
				A270DB081A8DCF8600A524EC /* Supporting Files */,
			);
			path = "AcTableView-Demo";
			sourceTree = "<group>";
		};
		A270DB081A8DCF8600A524EC /* Supporting Files */ = {
			isa = PBXGroup;
			children = (
				A270DB091A8DCF8600A524EC /* Info.plist */,
				A270DB0A1A8DCF8600A524EC /* main.m */,
			);
			name = "Supporting Files";
			sourceTree = "<group>";
		};
		A270DB2E1A8DCF9B00A524EC /* AcTableView */ = {
			isa = PBXGroup;
			children = (
				A270DB2F1A8DCFBF00A524EC /* AcTableView.h */,
				A270DB301A8DCFBF00A524EC /* AcTableView.m */,
			);
			name = AcTableView;
			sourceTree = "<group>";
		};
/* End PBXGroup section */

/* Begin PBXNativeTarget section */
		A270DB041A8DCF8600A524EC /* AcTableView-Demo */ = {
			isa = PBXNativeTarget;
			buildConfigurationList = A270DB281A8DCF8600A524EC /* Build configuration list for PBXNativeTarget "AcTableView-Demo" */;
			buildPhases = (
				A270DB011A8DCF8600A524EC /* Sources */,
				A270DB021A8DCF8600A524EC /* Frameworks */,
				A270DB031A8DCF8600A524EC /* Resources */,
			);
			buildRules = (
			);
			dependencies = (
			);
			name = "AcTableView-Demo";
			productName = "AcTableView-Demo";
			productReference = A270DB051A8DCF8600A524EC /* AcTableView-Demo.app */;
			productType = "com.apple.product-type.application";
		};
/* End PBXNativeTarget section */

/* Begin PBXProject section */
		A270DAFD1A8DCF8600A524EC /* Project object */ = {
			isa = PBXProject;
			attributes = {
				LastUpgradeCheck = 0610;
				ORGANIZATIONNAME = Ancc;
				TargetAttributes = {
					A270DB041A8DCF8600A524EC = {
						CreatedOnToolsVersion = 6.1.1;
					};
				};
			};
			buildConfigurationList = A270DB001A8DCF8600A524EC /* Build configuration list for PBXProject "AcTableView-Demo" */;
			compatibilityVersion = "Xcode 3.2";
			developmentRegion = English;
			hasScannedForEncodings = 0;
			knownRegions = (
				en,
				Base,
			);
			mainGroup = A270DAFC1A8DCF8600A524EC;
			productRefGroup = A270DB061A8DCF8600A524EC /* Products */;
			projectDirPath = "";
			projectRoot = "";
			targets = (
				A270DB041A8DCF8600A524EC /* AcTableView-Demo */,
			);
		};
/* End PBXProject section */

/* Begin PBXResourcesBuildPhase section */
		A270DB031A8DCF8600A524EC /* Resources */ = {
			isa = PBXResourcesBuildPhase;
			buildActionMask = 2147483647;
			files = (
				A270DB141A8DCF8600A524EC /* Main.storyboard in Resources */,
				A270DB191A8DCF8600A524EC /* LaunchScreen.xib in Resources */,
				A270DB161A8DCF8600A524EC /* Images.xcassets in Resources */,
			);
			runOnlyForDeploymentPostprocessing = 0;
		};
/* End PBXResourcesBuildPhase section */

/* Begin PBXSourcesBuildPhase section */
		A270DB011A8DCF8600A524EC /* Sources */ = {
			isa = PBXSourcesBuildPhase;
			buildActionMask = 2147483647;
			files = (
				A270DB111A8DCF8600A524EC /* ViewController.m in Sources */,
				A270DB0E1A8DCF8600A524EC /* AppDelegate.m in Sources */,
				A270DB0B1A8DCF8600A524EC /* main.m in Sources */,
				A270DB311A8DCFBF00A524EC /* AcTableView.m in Sources */,
			);
			runOnlyForDeploymentPostprocessing = 0;
		};
/* End PBXSourcesBuildPhase section */

/* Begin PBXVariantGroup section */
		A270DB121A8DCF8600A524EC /* Main.storyboard */ = {
			isa = PBXVariantGroup;
			children = (
				A270DB131A8DCF8600A524EC /* Base */,
			);
			name = Main.storyboard;
			sourceTree = "<group>";
		};
		A270DB171A8DCF8600A524EC /* LaunchScreen.xib */ = {
			isa = PBXVariantGroup;
			children = (
				A270DB181A8DCF8600A524EC /* Base */,
			);
			name = LaunchScreen.xib;
			sourceTree = "<group>";
		};
/* End PBXVariantGroup section */

/* Begin XCBuildConfiguration section */
		A270DB261A8DCF8600A524EC /* Debug */ = {
			isa = XCBuildConfiguration;
			buildSettings = {
				ALWAYS_SEARCH_USER_PATHS = NO;
				CLANG_CXX_LANGUAGE_STANDARD = "gnu++0x";
				CLANG_CXX_LIBRARY = "libc++";
				CLANG_ENABLE_MODULES = YES;
				CLANG_ENABLE_OBJC_ARC = YES;
				CLANG_WARN_BOOL_CONVERSION = YES;
				CLANG_WARN_CONSTANT_CONVERSION = YES;
				CLANG_WARN_DIRECT_OBJC_ISA_USAGE = YES_ERROR;
				CLANG_WARN_EMPTY_BODY = YES;
				CLANG_WARN_ENUM_CONVERSION = YES;
				CLANG_WARN_INT_CONVERSION = YES;
				CLANG_WARN_OBJC_ROOT_CLASS = YES_ERROR;
				CLANG_WARN_UNREACHABLE_CODE = YES;
				CLANG_WARN__DUPLICATE_METHOD_MATCH = YES;
				"CODE_SIGN_IDENTITY[sdk=iphoneos*]" = "";
				COPY_PHASE_STRIP = NO;
				ENABLE_STRICT_OBJC_MSGSEND = YES;
				GCC_C_LANGUAGE_STANDARD = gnu99;
				GCC_DYNAMIC_NO_PIC = NO;
				GCC_OPTIMIZATION_LEVEL = 0;
				GCC_PREPROCESSOR_DEFINITIONS = (
					"DEBUG=1",
					"$(inherited)",
				);
				GCC_SYMBOLS_PRIVATE_EXTERN = NO;
				GCC_WARN_64_TO_32_BIT_CONVERSION = YES;
				GCC_WARN_ABOUT_RETURN_TYPE = YES_ERROR;
				GCC_WARN_UNDECLARED_SELECTOR = YES;
				GCC_WARN_UNINITIALIZED_AUTOS = YES_AGGRESSIVE;
				GCC_WARN_UNUSED_FUNCTION = YES;
				GCC_WARN_UNUSED_VARIABLE = YES;
				IPHONEOS_DEPLOYMENT_TARGET = 7.0;
				MTL_ENABLE_DEBUG_INFO = YES;
				ONLY_ACTIVE_ARCH = YES;
				PROVISIONING_PROFILE = "04134e91-482d-4690-8343-f23c8aab9954";
				SDKROOT = iphoneos;
			};
			name = Debug;
		};
		A270DB271A8DCF8600A524EC /* Release */ = {
			isa = XCBuildConfiguration;
			buildSettings = {
				ALWAYS_SEARCH_USER_PATHS = NO;
				CLANG_CXX_LANGUAGE_STANDARD = "gnu++0x";
				CLANG_CXX_LIBRARY = "libc++";
				CLANG_ENABLE_MODULES = YES;
				CLANG_ENABLE_OBJC_ARC = YES;
				CLANG_WARN_BOOL_CONVERSION = YES;
				CLANG_WARN_CONSTANT_CONVERSION = YES;
				CLANG_WARN_DIRECT_OBJC_ISA_USAGE = YES_ERROR;
				CLANG_WARN_EMPTY_BODY = YES;
				CLANG_WARN_ENUM_CONVERSION = YES;
				CLANG_WARN_INT_CONVERSION = YES;
				CLANG_WARN_OBJC_ROOT_CLASS = YES_ERROR;
				CLANG_WARN_UNREACHABLE_CODE = YES;
				CLANG_WARN__DUPLICATE_METHOD_MATCH = YES;
				"CODE_SIGN_IDENTITY[sdk=iphoneos*]" = "";
				COPY_PHASE_STRIP = YES;
				ENABLE_NS_ASSERTIONS = NO;
				ENABLE_STRICT_OBJC_MSGSEND = YES;
				GCC_C_LANGUAGE_STANDARD = gnu99;
				GCC_WARN_64_TO_32_BIT_CONVERSION = YES;
				GCC_WARN_ABOUT_RETURN_TYPE = YES_ERROR;
				GCC_WARN_UNDECLARED_SELECTOR = YES;
				GCC_WARN_UNINITIALIZED_AUTOS = YES_AGGRESSIVE;
				GCC_WARN_UNUSED_FUNCTION = YES;
				GCC_WARN_UNUSED_VARIABLE = YES;
				IPHONEOS_DEPLOYMENT_TARGET = 7.0;
				MTL_ENABLE_DEBUG_INFO = NO;
				PROVISIONING_PROFILE = "04134e91-482d-4690-8343-f23c8aab9954";
				SDKROOT = iphoneos;
				VALIDATE_PRODUCT = YES;
			};
			name = Release;
		};
		A270DB291A8DCF8600A524EC /* Debug */ = {
			isa = XCBuildConfiguration;
			buildSettings = {
				ASSETCATALOG_COMPILER_APPICON_NAME = AppIcon;
				INFOPLIST_FILE = "AcTableView-Demo/Info.plist";
				IPHONEOS_DEPLOYMENT_TARGET = 7.0;
				LD_RUNPATH_SEARCH_PATHS = "$(inherited) @executable_path/Frameworks";
				PRODUCT_NAME = "$(TARGET_NAME)";
			};
			name = Debug;
		};
		A270DB2A1A8DCF8600A524EC /* Release */ = {
			isa = XCBuildConfiguration;
			buildSettings = {
				ASSETCATALOG_COMPILER_APPICON_NAME = AppIcon;
				INFOPLIST_FILE = "AcTableView-Demo/Info.plist";
				IPHONEOS_DEPLOYMENT_TARGET = 7.0;
				LD_RUNPATH_SEARCH_PATHS = "$(inherited) @executable_path/Frameworks";
				PRODUCT_NAME = "$(TARGET_NAME)";
			};
			name = Release;
		};
/* End XCBuildConfiguration section */

/* Begin XCConfigurationList section */
		A270DB001A8DCF8600A524EC /* Build configuration list for PBXProject "AcTableView-Demo" */ = {
			isa = XCConfigurationList;
			buildConfigurations = (
				A270DB261A8DCF8600A524EC /* Debug */,
				A270DB271A8DCF8600A524EC /* Release */,
			);
			defaultConfigurationIsVisible = 0;
			defaultConfigurationName = Release;
		};
		A270DB281A8DCF8600A524EC /* Build configuration list for PBXNativeTarget "AcTableView-Demo" */ = {
			isa = XCConfigurationList;
			buildConfigurations = (
				A270DB291A8DCF8600A524EC /* Debug */,
				A270DB2A1A8DCF8600A524EC /* Release */,
			);
			defaultConfigurationIsVisible = 0;
		};
/* End XCConfigurationList section */
	};
	rootObject = A270DAFD1A8DCF8600A524EC /* Project object */;
}
